
Microsoft Visual Studio Solution File, Format Version 12.00
# Visual Studio Version 16
VisualStudioVersion = 16.0.30503.244
MinimumVisualStudioVersion = 10.0.40219.1
Project("{FAE04EC0-301F-11D3-BF4B-00C04F79EFBC}") = "Plapp.Android", "Plapp\Plapp.Android\Plapp.Android.csproj", "{60252D7F-A717-4E9D-BA58-063A14048AEE}"
EndProject
Project("{FAE04EC0-301F-11D3-BF4B-00C04F79EFBC}") = "Plapp.iOS", "Plapp\Plapp.iOS\Plapp.iOS.csproj", "{4F051DF5-E78E-42C5-8C8A-6FA182472764}"
EndProject
Project("{9A19103F-16F7-4668-BE54-9A1E7A4F7556}") = "Plapp", "Plapp\Plapp\Plapp.csproj", "{981FDAF4-77E9-49E4-B8A6-DA129F0E4633}"
EndProject
Project("{9A19103F-16F7-4668-BE54-9A1E7A4F7556}") = "Plapp.Persist", "Plapp.Persist\Plapp.Persist.csproj", "{C777D872-84F3-4B1E-B468-51262F96463C}"
EndProject
Project("{9A19103F-16F7-4668-BE54-9A1E7A4F7556}") = "Plapp.Core", "Plapp.Core\Plapp.Core.csproj", "{E8D3D471-7418-41CF-89B4-5033EED2FF4D}"
EndProject
Project("{9A19103F-16F7-4668-BE54-9A1E7A4F7556}") = "Plapp.Peripherals", "Plapp.Peripherals\Plapp.Peripherals.csproj", "{CADA71DF-71DE-407F-AE6D-5C8ADD31F125}"
EndProject
Project("{9A19103F-16F7-4668-BE54-9A1E7A4F7556}") = "Plapp.ViewModels", "Plapp.ViewModels\Plapp.ViewModels.csproj", "{328E5994-3778-41BE-954C-8F56B1C08FBE}"
EndProject
Project("{9A19103F-16F7-4668-BE54-9A1E7A4F7556}") = "Plapp.Persist.Tests", "Tests\Plapp.Persist.Tests\Plapp.Persist.Tests.csproj", "{FB75E112-6B7B-49F0-81EE-536AA871F1FB}"
EndProject
Project("{9A19103F-16F7-4668-BE54-9A1E7A4F7556}") = "Plapp.ViewModels.Tests", "Plapp.ViewModels.Tests\Plapp.ViewModels.Tests.csproj", "{EB74105B-221B-47E8-95C9-BC7D6D15AED0}"
EndProject
Project("{9A19103F-16F7-4668-BE54-9A1E7A4F7556}") = "Plapp.Tests", "Plapp.Tests\Plapp.Tests.csproj", "{50325D93-C985-4763-9710-38CDC3720898}"
EndProject
Project("{FAE04EC0-301F-11D3-BF4B-00C04F79EFBC}") = "Plapp.BusinessLogic", "Plapp.BusinessLogic\Plapp.BusinessLogic.csproj", "{9FC0CBEA-C5D3-4C7A-AC41-1D97B83F2ACD}"
EndProject
Project("{FAE04EC0-301F-11D3-BF4B-00C04F79EFBC}") = "Plapp.Validation", "Plapp.Validation\Plapp.Validation.csproj", "{6F4BF2F6-F447-4515-9B6E-69240714A438}"
EndProject
Project("{FAE04EC0-301F-11D3-BF4B-00C04F79EFBC}") = "Plapp.DependencyInjection", "Plapp.DependencyInjection\Plapp.DependencyInjection.csproj", "{2D36D60F-E228-4CCA-8747-C05E16158A06}"
EndProject
Project("{FAE04EC0-301F-11D3-BF4B-00C04F79EFBC}") = "Plapp.Views", "Plapp.Views\Plapp.Views.csproj", "{E464FDB1-7086-4248-9280-BE9C69ED78EC}"
EndProject
Global
	GlobalSection(SolutionConfigurationPlatforms) = preSolution
		Debug|Any CPU = Debug|Any CPU
		Debug|iPhone = Debug|iPhone
		Debug|iPhoneSimulator = Debug|iPhoneSimulator
		Release|Any CPU = Release|Any CPU
		Release|iPhone = Release|iPhone
		Release|iPhoneSimulator = Release|iPhoneSimulator
	EndGlobalSection
	GlobalSection(ProjectConfigurationPlatforms) = postSolution
		{60252D7F-A717-4E9D-BA58-063A14048AEE}.Debug|Any CPU.ActiveCfg = Debug|Any CPU
		{60252D7F-A717-4E9D-BA58-063A14048AEE}.Debug|Any CPU.Build.0 = Debug|Any CPU
		{60252D7F-A717-4E9D-BA58-063A14048AEE}.Debug|Any CPU.Deploy.0 = Debug|Any CPU
		{60252D7F-A717-4E9D-BA58-063A14048AEE}.Debug|iPhone.ActiveCfg = Debug|Any CPU
		{60252D7F-A717-4E9D-BA58-063A14048AEE}.Debug|iPhone.Build.0 = Debug|Any CPU
		{60252D7F-A717-4E9D-BA58-063A14048AEE}.Debug|iPhone.Deploy.0 = Debug|Any CPU
		{60252D7F-A717-4E9D-BA58-063A14048AEE}.Debug|iPhoneSimulator.ActiveCfg = Debug|Any CPU
		{60252D7F-A717-4E9D-BA58-063A14048AEE}.Debug|iPhoneSimulator.Build.0 = Debug|Any CPU
		{60252D7F-A717-4E9D-BA58-063A14048AEE}.Debug|iPhoneSimulator.Deploy.0 = Debug|Any CPU
		{60252D7F-A717-4E9D-BA58-063A14048AEE}.Release|Any CPU.ActiveCfg = Release|Any CPU
		{60252D7F-A717-4E9D-BA58-063A14048AEE}.Release|Any CPU.Build.0 = Release|Any CPU
		{60252D7F-A717-4E9D-BA58-063A14048AEE}.Release|Any CPU.Deploy.0 = Release|Any CPU
		{60252D7F-A717-4E9D-BA58-063A14048AEE}.Release|iPhone.ActiveCfg = Release|Any CPU
		{60252D7F-A717-4E9D-BA58-063A14048AEE}.Release|iPhone.Build.0 = Release|Any CPU
		{60252D7F-A717-4E9D-BA58-063A14048AEE}.Release|iPhone.Deploy.0 = Release|Any CPU
		{60252D7F-A717-4E9D-BA58-063A14048AEE}.Release|iPhoneSimulator.ActiveCfg = Release|Any CPU
		{60252D7F-A717-4E9D-BA58-063A14048AEE}.Release|iPhoneSimulator.Build.0 = Release|Any CPU
		{60252D7F-A717-4E9D-BA58-063A14048AEE}.Release|iPhoneSimulator.Deploy.0 = Release|Any CPU
		{4F051DF5-E78E-42C5-8C8A-6FA182472764}.Debug|Any CPU.ActiveCfg = Debug|iPhone
		{4F051DF5-E78E-42C5-8C8A-6FA182472764}.Debug|Any CPU.Build.0 = Debug|iPhone
		{4F051DF5-E78E-42C5-8C8A-6FA182472764}.Debug|Any CPU.Deploy.0 = Debug|iPhone
		{4F051DF5-E78E-42C5-8C8A-6FA182472764}.Debug|iPhone.ActiveCfg = Debug|iPhone
		{4F051DF5-E78E-42C5-8C8A-6FA182472764}.Debug|iPhone.Build.0 = Debug|iPhone
		{4F051DF5-E78E-42C5-8C8A-6FA182472764}.Debug|iPhone.Deploy.0 = Debug|iPhone
		{4F051DF5-E78E-42C5-8C8A-6FA182472764}.Debug|iPhoneSimulator.ActiveCfg = Debug|iPhoneSimulator
		{4F051DF5-E78E-42C5-8C8A-6FA182472764}.Debug|iPhoneSimulator.Build.0 = Debug|iPhoneSimulator
		{4F051DF5-E78E-42C5-8C8A-6FA182472764}.Debug|iPhoneSimulator.Deploy.0 = Debug|iPhoneSimulator
		{4F051DF5-E78E-42C5-8C8A-6FA182472764}.Release|Any CPU.ActiveCfg = Release|iPhoneSimulator
		{4F051DF5-E78E-42C5-8C8A-6FA182472764}.Release|Any CPU.Build.0 = Release|iPhoneSimulator
		{4F051DF5-E78E-42C5-8C8A-6FA182472764}.Release|Any CPU.Deploy.0 = Release|iPhoneSimulator
		{4F051DF5-E78E-42C5-8C8A-6FA182472764}.Release|iPhone.ActiveCfg = Release|iPhone
		{4F051DF5-E78E-42C5-8C8A-6FA182472764}.Release|iPhone.Build.0 = Release|iPhone
		{4F051DF5-E78E-42C5-8C8A-6FA182472764}.Release|iPhone.Deploy.0 = Release|iPhone
		{4F051DF5-E78E-42C5-8C8A-6FA182472764}.Release|iPhoneSimulator.ActiveCfg = Release|iPhoneSimulator
		{4F051DF5-E78E-42C5-8C8A-6FA182472764}.Release|iPhoneSimulator.Build.0 = Release|iPhoneSimulator
		{4F051DF5-E78E-42C5-8C8A-6FA182472764}.Release|iPhoneSimulator.Deploy.0 = Release|iPhoneSimulator
		{981FDAF4-77E9-49E4-B8A6-DA129F0E4633}.Debug|Any CPU.ActiveCfg = Debug|Any CPU
		{981FDAF4-77E9-49E4-B8A6-DA129F0E4633}.Debug|Any CPU.Build.0 = Debug|Any CPU
		{981FDAF4-77E9-49E4-B8A6-DA129F0E4633}.Debug|Any CPU.Deploy.0 = Debug|Any CPU
		{981FDAF4-77E9-49E4-B8A6-DA129F0E4633}.Debug|iPhone.ActiveCfg = Debug|Any CPU
		{981FDAF4-77E9-49E4-B8A6-DA129F0E4633}.Debug|iPhone.Build.0 = Debug|Any CPU
		{981FDAF4-77E9-49E4-B8A6-DA129F0E4633}.Debug|iPhone.Deploy.0 = Debug|Any CPU
		{981FDAF4-77E9-49E4-B8A6-DA129F0E4633}.Debug|iPhoneSimulator.ActiveCfg = Debug|Any CPU
		{981FDAF4-77E9-49E4-B8A6-DA129F0E4633}.Debug|iPhoneSimulator.Build.0 = Debug|Any CPU
		{981FDAF4-77E9-49E4-B8A6-DA129F0E4633}.Debug|iPhoneSimulator.Deploy.0 = Debug|Any CPU
		{981FDAF4-77E9-49E4-B8A6-DA129F0E4633}.Release|Any CPU.ActiveCfg = Release|Any CPU
		{981FDAF4-77E9-49E4-B8A6-DA129F0E4633}.Release|Any CPU.Build.0 = Release|Any CPU
		{981FDAF4-77E9-49E4-B8A6-DA129F0E4633}.Release|Any CPU.Deploy.0 = Release|Any CPU
		{981FDAF4-77E9-49E4-B8A6-DA129F0E4633}.Release|iPhone.ActiveCfg = Release|Any CPU
		{981FDAF4-77E9-49E4-B8A6-DA129F0E4633}.Release|iPhone.Build.0 = Release|Any CPU
		{981FDAF4-77E9-49E4-B8A6-DA129F0E4633}.Release|iPhone.Deploy.0 = Release|Any CPU
		{981FDAF4-77E9-49E4-B8A6-DA129F0E4633}.Release|iPhoneSimulator.ActiveCfg = Release|Any CPU
		{981FDAF4-77E9-49E4-B8A6-DA129F0E4633}.Release|iPhoneSimulator.Build.0 = Release|Any CPU
		{981FDAF4-77E9-49E4-B8A6-DA129F0E4633}.Release|iPhoneSimulator.Deploy.0 = Release|Any CPU
		{C777D872-84F3-4B1E-B468-51262F96463C}.Debug|Any CPU.ActiveCfg = Debug|Any CPU
		{C777D872-84F3-4B1E-B468-51262F96463C}.Debug|Any CPU.Build.0 = Debug|Any CPU
		{C777D872-84F3-4B1E-B468-51262F96463C}.Debug|iPhone.ActiveCfg = Debug|Any CPU
		{C777D872-84F3-4B1E-B468-51262F96463C}.Debug|iPhone.Build.0 = Debug|Any CPU
		{C777D872-84F3-4B1E-B468-51262F96463C}.Debug|iPhoneSimulator.ActiveCfg = Debug|Any CPU
		{C777D872-84F3-4B1E-B468-51262F96463C}.Debug|iPhoneSimulator.Build.0 = Debug|Any CPU
		{C777D872-84F3-4B1E-B468-51262F96463C}.Release|Any CPU.ActiveCfg = Release|Any CPU
		{C777D872-84F3-4B1E-B468-51262F96463C}.Release|Any CPU.Build.0 = Release|Any CPU
		{C777D872-84F3-4B1E-B468-51262F96463C}.Release|iPhone.ActiveCfg = Release|Any CPU
		{C777D872-84F3-4B1E-B468-51262F96463C}.Release|iPhone.Build.0 = Release|Any CPU
		{C777D872-84F3-4B1E-B468-51262F96463C}.Release|iPhoneSimulator.ActiveCfg = Release|Any CPU
		{C777D872-84F3-4B1E-B468-51262F96463C}.Release|iPhoneSimulator.Build.0 = Release|Any CPU
		{E8D3D471-7418-41CF-89B4-5033EED2FF4D}.Debug|Any CPU.ActiveCfg = Debug|Any CPU
		{E8D3D471-7418-41CF-89B4-5033EED2FF4D}.Debug|Any CPU.Build.0 = Debug|Any CPU
		{E8D3D471-7418-41CF-89B4-5033EED2FF4D}.Debug|iPhone.ActiveCfg = Debug|Any CPU
		{E8D3D471-7418-41CF-89B4-5033EED2FF4D}.Debug|iPhone.Build.0 = Debug|Any CPU
		{E8D3D471-7418-41CF-89B4-5033EED2FF4D}.Debug|iPhoneSimulator.ActiveCfg = Debug|Any CPU
		{E8D3D471-7418-41CF-89B4-5033EED2FF4D}.Debug|iPhoneSimulator.Build.0 = Debug|Any CPU
		{E8D3D471-7418-41CF-89B4-5033EED2FF4D}.Release|Any CPU.ActiveCfg = Release|Any CPU
		{E8D3D471-7418-41CF-89B4-5033EED2FF4D}.Release|Any CPU.Build.0 = Release|Any CPU
		{E8D3D471-7418-41CF-89B4-5033EED2FF4D}.Release|iPhone.ActiveCfg = Release|Any CPU
		{E8D3D471-7418-41CF-89B4-5033EED2FF4D}.Release|iPhone.Build.0 = Release|Any CPU
		{E8D3D471-7418-41CF-89B4-5033EED2FF4D}.Release|iPhoneSimulator.ActiveCfg = Release|Any CPU
		{E8D3D471-7418-41CF-89B4-5033EED2FF4D}.Release|iPhoneSimulator.Build.0 = Release|Any CPU
		{CADA71DF-71DE-407F-AE6D-5C8ADD31F125}.Debug|Any CPU.ActiveCfg = Debug|Any CPU
		{CADA71DF-71DE-407F-AE6D-5C8ADD31F125}.Debug|Any CPU.Build.0 = Debug|Any CPU
		{CADA71DF-71DE-407F-AE6D-5C8ADD31F125}.Debug|iPhone.ActiveCfg = Debug|Any CPU
		{CADA71DF-71DE-407F-AE6D-5C8ADD31F125}.Debug|iPhone.Build.0 = Debug|Any CPU
		{CADA71DF-71DE-407F-AE6D-5C8ADD31F125}.Debug|iPhoneSimulator.ActiveCfg = Debug|Any CPU
		{CADA71DF-71DE-407F-AE6D-5C8ADD31F125}.Debug|iPhoneSimulator.Build.0 = Debug|Any CPU
		{CADA71DF-71DE-407F-AE6D-5C8ADD31F125}.Release|Any CPU.ActiveCfg = Release|Any CPU
		{CADA71DF-71DE-407F-AE6D-5C8ADD31F125}.Release|Any CPU.Build.0 = Release|Any CPU
		{CADA71DF-71DE-407F-AE6D-5C8ADD31F125}.Release|iPhone.ActiveCfg = Release|Any CPU
		{CADA71DF-71DE-407F-AE6D-5C8ADD31F125}.Release|iPhone.Build.0 = Release|Any CPU
		{CADA71DF-71DE-407F-AE6D-5C8ADD31F125}.Release|iPhoneSimulator.ActiveCfg = Release|Any CPU
		{CADA71DF-71DE-407F-AE6D-5C8ADD31F125}.Release|iPhoneSimulator.Build.0 = Release|Any CPU
		{328E5994-3778-41BE-954C-8F56B1C08FBE}.Debug|Any CPU.ActiveCfg = Debug|Any CPU
		{328E5994-3778-41BE-954C-8F56B1C08FBE}.Debug|Any CPU.Build.0 = Debug|Any CPU
		{328E5994-3778-41BE-954C-8F56B1C08FBE}.Debug|iPhone.ActiveCfg = Debug|Any CPU
		{328E5994-3778-41BE-954C-8F56B1C08FBE}.Debug|iPhone.Build.0 = Debug|Any CPU
		{328E5994-3778-41BE-954C-8F56B1C08FBE}.Debug|iPhoneSimulator.ActiveCfg = Debug|Any CPU
		{328E5994-3778-41BE-954C-8F56B1C08FBE}.Debug|iPhoneSimulator.Build.0 = Debug|Any CPU
		{328E5994-3778-41BE-954C-8F56B1C08FBE}.Release|Any CPU.ActiveCfg = Release|Any CPU
		{328E5994-3778-41BE-954C-8F56B1C08FBE}.Release|Any CPU.Build.0 = Release|Any CPU
		{328E5994-3778-41BE-954C-8F56B1C08FBE}.Release|iPhone.ActiveCfg = Release|Any CPU
		{328E5994-3778-41BE-954C-8F56B1C08FBE}.Release|iPhone.Build.0 = Release|Any CPU
		{328E5994-3778-41BE-954C-8F56B1C08FBE}.Release|iPhoneSimulator.ActiveCfg = Release|Any CPU
		{328E5994-3778-41BE-954C-8F56B1C08FBE}.Release|iPhoneSimulator.Build.0 = Release|Any CPU
		{FB75E112-6B7B-49F0-81EE-536AA871F1FB}.Debug|Any CPU.ActiveCfg = Debug|Any CPU
		{FB75E112-6B7B-49F0-81EE-536AA871F1FB}.Debug|Any CPU.Build.0 = Debug|Any CPU
		{FB75E112-6B7B-49F0-81EE-536AA871F1FB}.Debug|iPhone.ActiveCfg = Debug|Any CPU
		{FB75E112-6B7B-49F0-81EE-536AA871F1FB}.Debug|iPhone.Build.0 = Debug|Any CPU
		{FB75E112-6B7B-49F0-81EE-536AA871F1FB}.Debug|iPhoneSimulator.ActiveCfg = Debug|Any CPU
		{FB75E112-6B7B-49F0-81EE-536AA871F1FB}.Debug|iPhoneSimulator.Build.0 = Debug|Any CPU
		{FB75E112-6B7B-49F0-81EE-536AA871F1FB}.Release|Any CPU.ActiveCfg = Release|Any CPU
		{FB75E112-6B7B-49F0-81EE-536AA871F1FB}.Release|Any CPU.Build.0 = Release|Any CPU
		{FB75E112-6B7B-49F0-81EE-536AA871F1FB}.Release|iPhone.ActiveCfg = Release|Any CPU
		{FB75E112-6B7B-49F0-81EE-536AA871F1FB}.Release|iPhone.Build.0 = Release|Any CPU
		{FB75E112-6B7B-49F0-81EE-536AA871F1FB}.Release|iPhoneSimulator.ActiveCfg = Release|Any CPU
		{FB75E112-6B7B-49F0-81EE-536AA871F1FB}.Release|iPhoneSimulator.Build.0 = Release|Any CPU
		{EB74105B-221B-47E8-95C9-BC7D6D15AED0}.Debug|Any CPU.ActiveCfg = Debug|Any CPU
		{EB74105B-221B-47E8-95C9-BC7D6D15AED0}.Debug|Any CPU.Build.0 = Debug|Any CPU
		{EB74105B-221B-47E8-95C9-BC7D6D15AED0}.Debug|iPhone.ActiveCfg = Debug|Any CPU
		{EB74105B-221B-47E8-95C9-BC7D6D15AED0}.Debug|iPhone.Build.0 = Debug|Any CPU
		{EB74105B-221B-47E8-95C9-BC7D6D15AED0}.Debug|iPhoneSimulator.ActiveCfg = Debug|Any CPU
		{EB74105B-221B-47E8-95C9-BC7D6D15AED0}.Debug|iPhoneSimulator.Build.0 = Debug|Any CPU
		{EB74105B-221B-47E8-95C9-BC7D6D15AED0}.Release|Any CPU.ActiveCfg = Release|Any CPU
		{EB74105B-221B-47E8-95C9-BC7D6D15AED0}.Release|Any CPU.Build.0 = Release|Any CPU
		{EB74105B-221B-47E8-95C9-BC7D6D15AED0}.Release|iPhone.ActiveCfg = Release|Any CPU
		{EB74105B-221B-47E8-95C9-BC7D6D15AED0}.Release|iPhone.Build.0 = Release|Any CPU
		{EB74105B-221B-47E8-95C9-BC7D6D15AED0}.Release|iPhoneSimulator.ActiveCfg = Release|Any CPU
		{EB74105B-221B-47E8-95C9-BC7D6D15AED0}.Release|iPhoneSimulator.Build.0 = Release|Any CPU
		{50325D93-C985-4763-9710-38CDC3720898}.Debug|Any CPU.ActiveCfg = Debug|Any CPU
		{50325D93-C985-4763-9710-38CDC3720898}.Debug|Any CPU.Build.0 = Debug|Any CPU
		{50325D93-C985-4763-9710-38CDC3720898}.Debug|iPhone.ActiveCfg = Debug|Any CPU
		{50325D93-C985-4763-9710-38CDC3720898}.Debug|iPhone.Build.0 = Debug|Any CPU
		{50325D93-C985-4763-9710-38CDC3720898}.Debug|iPhoneSimulator.ActiveCfg = Debug|Any CPU
		{50325D93-C985-4763-9710-38CDC3720898}.Debug|iPhoneSimulator.Build.0 = Debug|Any CPU
		{50325D93-C985-4763-9710-38CDC3720898}.Release|Any CPU.ActiveCfg = Release|Any CPU
		{50325D93-C985-4763-9710-38CDC3720898}.Release|Any CPU.Build.0 = Release|Any CPU
		{50325D93-C985-4763-9710-38CDC3720898}.Release|iPhone.ActiveCfg = Release|Any CPU
		{50325D93-C985-4763-9710-38CDC3720898}.Release|iPhone.Build.0 = Release|Any CPU
		{50325D93-C985-4763-9710-38CDC3720898}.Release|iPhoneSimulator.ActiveCfg = Release|Any CPU
		{50325D93-C985-4763-9710-38CDC3720898}.Release|iPhoneSimulator.Build.0 = Release|Any CPU
		{9FC0CBEA-C5D3-4C7A-AC41-1D97B83F2ACD}.Debug|Any CPU.ActiveCfg = Debug|Any CPU
		{9FC0CBEA-C5D3-4C7A-AC41-1D97B83F2ACD}.Debug|Any CPU.Build.0 = Debug|Any CPU
		{9FC0CBEA-C5D3-4C7A-AC41-1D97B83F2ACD}.Debug|iPhone.ActiveCfg = Debug|Any CPU
		{9FC0CBEA-C5D3-4C7A-AC41-1D97B83F2ACD}.Debug|iPhone.Build.0 = Debug|Any CPU
		{9FC0CBEA-C5D3-4C7A-AC41-1D97B83F2ACD}.Debug|iPhoneSimulator.ActiveCfg = Debug|Any CPU
		{9FC0CBEA-C5D3-4C7A-AC41-1D97B83F2ACD}.Debug|iPhoneSimulator.Build.0 = Debug|Any CPU
		{9FC0CBEA-C5D3-4C7A-AC41-1D97B83F2ACD}.Release|Any CPU.ActiveCfg = Release|Any CPU
		{9FC0CBEA-C5D3-4C7A-AC41-1D97B83F2ACD}.Release|Any CPU.Build.0 = Release|Any CPU
		{9FC0CBEA-C5D3-4C7A-AC41-1D97B83F2ACD}.Release|iPhone.ActiveCfg = Release|Any CPU
		{9FC0CBEA-C5D3-4C7A-AC41-1D97B83F2ACD}.Release|iPhone.Build.0 = Release|Any CPU
		{9FC0CBEA-C5D3-4C7A-AC41-1D97B83F2ACD}.Release|iPhoneSimulator.ActiveCfg = Release|Any CPU
		{9FC0CBEA-C5D3-4C7A-AC41-1D97B83F2ACD}.Release|iPhoneSimulator.Build.0 = Release|Any CPU
		{6F4BF2F6-F447-4515-9B6E-69240714A438}.Debug|Any CPU.ActiveCfg = Debug|Any CPU
		{6F4BF2F6-F447-4515-9B6E-69240714A438}.Debug|Any CPU.Build.0 = Debug|Any CPU
		{6F4BF2F6-F447-4515-9B6E-69240714A438}.Debug|iPhone.ActiveCfg = Debug|Any CPU
		{6F4BF2F6-F447-4515-9B6E-69240714A438}.Debug|iPhone.Build.0 = Debug|Any CPU
		{6F4BF2F6-F447-4515-9B6E-69240714A438}.Debug|iPhoneSimulator.ActiveCfg = Debug|Any CPU
		{6F4BF2F6-F447-4515-9B6E-69240714A438}.Debug|iPhoneSimulator.Build.0 = Debug|Any CPU
		{6F4BF2F6-F447-4515-9B6E-69240714A438}.Release|Any CPU.ActiveCfg = Release|Any CPU
		{6F4BF2F6-F447-4515-9B6E-69240714A438}.Release|Any CPU.Build.0 = Release|Any CPU
		{6F4BF2F6-F447-4515-9B6E-69240714A438}.Release|iPhone.ActiveCfg = Release|Any CPU
		{6F4BF2F6-F447-4515-9B6E-69240714A438}.Release|iPhone.Build.0 = Release|Any CPU
		{6F4BF2F6-F447-4515-9B6E-69240714A438}.Release|iPhoneSimulator.ActiveCfg = Release|Any CPU
		{6F4BF2F6-F447-4515-9B6E-69240714A438}.Release|iPhoneSimulator.Build.0 = Release|Any CPU
		{2D36D60F-E228-4CCA-8747-C05E16158A06}.Debug|Any CPU.ActiveCfg = Debug|Any CPU
		{2D36D60F-E228-4CCA-8747-C05E16158A06}.Debug|Any CPU.Build.0 = Debug|Any CPU
		{2D36D60F-E228-4CCA-8747-C05E16158A06}.Debug|iPhone.ActiveCfg = Debug|Any CPU
		{2D36D60F-E228-4CCA-8747-C05E16158A06}.Debug|iPhone.Build.0 = Debug|Any CPU
		{2D36D60F-E228-4CCA-8747-C05E16158A06}.Debug|iPhoneSimulator.ActiveCfg = Debug|Any CPU
		{2D36D60F-E228-4CCA-8747-C05E16158A06}.Debug|iPhoneSimulator.Build.0 = Debug|Any CPU
		{2D36D60F-E228-4CCA-8747-C05E16158A06}.Release|Any CPU.ActiveCfg = Release|Any CPU
		{2D36D60F-E228-4CCA-8747-C05E16158A06}.Release|Any CPU.Build.0 = Release|Any CPU
		{2D36D60F-E228-4CCA-8747-C05E16158A06}.Release|iPhone.ActiveCfg = Release|Any CPU
		{2D36D60F-E228-4CCA-8747-C05E16158A06}.Release|iPhone.Build.0 = Release|Any CPU
		{2D36D60F-E228-4CCA-8747-C05E16158A06}.Release|iPhoneSimulator.ActiveCfg = Release|Any CPU
		{2D36D60F-E228-4CCA-8747-C05E16158A06}.Release|iPhoneSimulator.Build.0 = Release|Any CPU
		{E464FDB1-7086-4248-9280-BE9C69ED78EC}.Debug|Any CPU.ActiveCfg = Debug|Any CPU
		{E464FDB1-7086-4248-9280-BE9C69ED78EC}.Debug|Any CPU.Build.0 = Debug|Any CPU
		{E464FDB1-7086-4248-9280-BE9C69ED78EC}.Debug|iPhone.ActiveCfg = Debug|Any CPU
		{E464FDB1-7086-4248-9280-BE9C69ED78EC}.Debug|iPhone.Build.0 = Debug|Any CPU
		{E464FDB1-7086-4248-9280-BE9C69ED78EC}.Debug|iPhoneSimulator.ActiveCfg = Debug|Any CPU
		{E464FDB1-7086-4248-9280-BE9C69ED78EC}.Debug|iPhoneSimulator.Build.0 = Debug|Any CPU
		{E464FDB1-7086-4248-9280-BE9C69ED78EC}.Release|Any CPU.ActiveCfg = Release|Any CPU
		{E464FDB1-7086-4248-9280-BE9C69ED78EC}.Release|Any CPU.Build.0 = Release|Any CPU
		{E464FDB1-7086-4248-9280-BE9C69ED78EC}.Release|iPhone.ActiveCfg = Release|Any CPU
		{E464FDB1-7086-4248-9280-BE9C69ED78EC}.Release|iPhone.Build.0 = Release|Any CPU
		{E464FDB1-7086-4248-9280-BE9C69ED78EC}.Release|iPhoneSimulator.ActiveCfg = Release|Any CPU
		{E464FDB1-7086-4248-9280-BE9C69ED78EC}.Release|iPhoneSimulator.Build.0 = Release|Any CPU
	EndGlobalSection
	GlobalSection(SolutionProperties) = preSolution
		HideSolutionNode = FALSE
	EndGlobalSection
	GlobalSection(ExtensibilityGlobals) = postSolution
		SolutionGuid = {A7839E02-73B1-438A-A2A6-94DFA16D89CF}
	EndGlobalSection
EndGlobal
